{
  "version": 4,
  "terraform_version": "1.6.4",
  "serial": 16,
  "lineage": "42faaae2-770a-92ef-0861-03f7f66b8b43",
  "outputs": {},
  "resources": [
    {
      "mode": "data",
      "type": "google_firebase_web_app_config",
      "name": "example",
      "provider": "provider[\"registry.terraform.io/hashicorp/google-beta\"]",
      "instances": [
        {
          "schema_version": 0,
          "attributes": {
            "api_key": "AIzaSyCSwxT7-7SVeVL6arC1y4thSjhrX-tPmYU",
            "auth_domain": "sample-firebase-ai-app-f696f.firebaseapp.com",
            "database_url": "",
            "id": "1:477558807538:web:dee762adc469e657dc296b",
            "location_id": "",
            "measurement_id": "",
            "messaging_sender_id": "477558807538",
            "project": "sample-firebase-ai-app-f696f",
            "storage_bucket": "sample-firebase-ai-app-f696f.appspot.com",
            "web_app_id": "1:477558807538:web:dee762adc469e657dc296b"
          },
          "sensitive_attributes": []
        }
      ]
    },
    {
      "mode": "data",
      "type": "google_project",
      "name": "project",
      "provider": "provider[\"registry.terraform.io/hashicorp/google-beta\"]",
      "instances": [
        {
          "schema_version": 0,
          "attributes": {
            "auto_create_network": null,
            "billing_account": null,
            "deletion_policy": "DELETE",
            "effective_labels": {
              "firebase": "enabled"
            },
            "folder_id": null,
            "id": "projects/sample-firebase-ai-app-f696f",
            "labels": {
              "firebase": "enabled"
            },
            "name": "Sample Firebase AI App",
            "number": "477558807538",
            "org_id": null,
            "project_id": "sample-firebase-ai-app-f696f",
            "skip_delete": null,
            "terraform_labels": {
              "firebase": "enabled"
            }
          },
          "sensitive_attributes": []
        }
      ]
    },
    {
      "mode": "managed",
      "type": "google_apikeys_key",
      "name": "generativelanguage",
      "provider": "provider[\"registry.terraform.io/hashicorp/google-beta\"]",
      "instances": [
        {
          "schema_version": 0,
          "attributes": {
            "display_name": "Gemini API Key",
            "id": "projects/sample-firebase-ai-app-f696f/locations/global/keys/gemini-api-key",
            "key_string": "AIzaSyBgd2pQn4W2k3UCb32yEJWvhoJj8ofBrdY",
            "name": "gemini-api-key",
            "project": "sample-firebase-ai-app-f696f",
            "restrictions": [
              {
                "android_key_restrictions": [],
                "api_targets": [
                  {
                    "methods": null,
                    "service": "generativelanguage.googleapis.com"
                  }
                ],
                "browser_key_restrictions": [
                  {
                    "allowed_referrers": [
                      "*"
                    ]
                  }
                ],
                "ios_key_restrictions": [],
                "server_key_restrictions": []
              }
            ],
            "timeouts": null,
            "uid": "0f86e68a-9a68-45d2-8865-2260b1a198f1"
          },
          "sensitive_attributes": [],
          "private": "eyJlMmJmYjczMC1lY2FhLTExZTYtOGY4OC0zNDM2M2JjN2M0YzAiOnsiY3JlYXRlIjoxMjAwMDAwMDAwMDAwLCJkZWxldGUiOjEyMDAwMDAwMDAwMDAsInVwZGF0ZSI6MTIwMDAwMDAwMDAwMH19",
          "dependencies": [
            "google_project_service.services"
          ]
        }
      ]
    },
    {
      "mode": "managed",
      "type": "google_firebase_web_app",
      "name": "example",
      "provider": "provider[\"registry.terraform.io/hashicorp/google-beta\"]",
      "instances": [
        {
          "schema_version": 0,
          "attributes": {
            "api_key_id": "99ae4e14-5939-4038-8b5c-92cc71ac9b08",
            "app_id": "1:477558807538:web:dee762adc469e657dc296b",
            "app_urls": [],
            "deletion_policy": "DELETE",
            "display_name": "Make It So AI!",
            "id": "projects/sample-firebase-ai-app-f696f/webApps/1:477558807538:web:dee762adc469e657dc296b",
            "name": "projects/sample-firebase-ai-app-f696f/webApps/1:477558807538:web:dee762adc469e657dc296b",
            "project": "sample-firebase-ai-app-f696f",
            "timeouts": null
          },
          "sensitive_attributes": [],
          "private": "eyJlMmJmYjczMC1lY2FhLTExZTYtOGY4OC0zNDM2M2JjN2M0YzAiOnsiY3JlYXRlIjoxMjAwMDAwMDAwMDAwLCJkZWxldGUiOjEyMDAwMDAwMDAwMDAsInVwZGF0ZSI6MTIwMDAwMDAwMDAwMH19"
        }
      ]
    },
    {
      "mode": "managed",
      "type": "google_firebaserules_release",
      "name": "firestore",
      "provider": "provider[\"registry.terraform.io/hashicorp/google-beta\"]",
      "instances": [
        {
          "schema_version": 0,
          "attributes": {
            "create_time": "2024-10-26T17:35:35.627010Z",
            "disabled": false,
            "id": "projects/sample-firebase-ai-app-f696f/releases/cloud.firestore",
            "name": "cloud.firestore",
            "project": "sample-firebase-ai-app-f696f",
            "ruleset_name": "9470147f-5074-460b-9ad7-8a47069d9cb9",
            "timeouts": null,
            "update_time": "2024-10-26T17:35:35.627010Z"
          },
          "sensitive_attributes": [],
          "private": "eyJlMmJmYjczMC1lY2FhLTExZTYtOGY4OC0zNDM2M2JjN2M0YzAiOnsiY3JlYXRlIjoxMjAwMDAwMDAwMDAwLCJkZWxldGUiOjEyMDAwMDAwMDAwMDB9fQ==",
          "dependencies": [
            "google_firebaserules_ruleset.firestore",
            "google_firestore_database.database",
            "google_project_service.services",
            "local_file.firestore_rules"
          ]
        }
      ]
    },
    {
      "mode": "managed",
      "type": "google_firebaserules_ruleset",
      "name": "firestore",
      "provider": "provider[\"registry.terraform.io/hashicorp/google-beta\"]",
      "instances": [
        {
          "schema_version": 0,
          "attributes": {
            "create_time": "2024-10-26T17:35:34.682197Z",
            "id": "projects/sample-firebase-ai-app-f696f/rulesets/9470147f-5074-460b-9ad7-8a47069d9cb9",
            "metadata": [
              {
                "services": [
                  "cloud.firestore"
                ]
              }
            ],
            "name": "9470147f-5074-460b-9ad7-8a47069d9cb9",
            "project": "sample-firebase-ai-app-f696f",
            "source": [
              {
                "files": [
                  {
                    "content": "service cloud.firestore {\n  match /databases/{database}/documents/{document=**} {\n    allow read, write: if request.auth != null \u0026\u0026 request.time \u003c timestamp.date(2024, 11, 25);\n  }\n}\n",
                    "fingerprint": "",
                    "name": "firestore.rules"
                  }
                ],
                "language": ""
              }
            ],
            "timeouts": null
          },
          "sensitive_attributes": [],
          "private": "eyJlMmJmYjczMC1lY2FhLTExZTYtOGY4OC0zNDM2M2JjN2M0YzAiOnsiY3JlYXRlIjoxMjAwMDAwMDAwMDAwLCJkZWxldGUiOjEyMDAwMDAwMDAwMDB9fQ==",
          "dependencies": [
            "google_firestore_database.database",
            "google_project_service.services",
            "local_file.firestore_rules"
          ]
        }
      ]
    },
    {
      "mode": "managed",
      "type": "google_firestore_database",
      "name": "database",
      "provider": "provider[\"registry.terraform.io/hashicorp/google-beta\"]",
      "instances": [
        {
          "schema_version": 0,
          "attributes": {
            "app_engine_integration_mode": "DISABLED",
            "cmek_config": [],
            "concurrency_mode": "PESSIMISTIC",
            "create_time": "",
            "delete_protection_state": "DELETE_PROTECTION_DISABLED",
            "deletion_policy": "ABANDON",
            "earliest_version_time": "2024-10-26T17:35:23.429445Z",
            "etag": "IPOn0M3KrIkDMMW0tMjKrIkD",
            "id": "projects/sample-firebase-ai-app-f696f/databases/(default)",
            "key_prefix": "",
            "location_id": "nam5",
            "name": "(default)",
            "point_in_time_recovery_enablement": "POINT_IN_TIME_RECOVERY_DISABLED",
            "project": "sample-firebase-ai-app-f696f",
            "timeouts": null,
            "type": "FIRESTORE_NATIVE",
            "uid": "bebda866-cb39-43d7-baa3-fd0c902af936",
            "update_time": "",
            "version_retention_period": "3600s"
          },
          "sensitive_attributes": [],
          "private": "eyJlMmJmYjczMC1lY2FhLTExZTYtOGY4OC0zNDM2M2JjN2M0YzAiOnsiY3JlYXRlIjoxMjAwMDAwMDAwMDAwLCJkZWxldGUiOjEyMDAwMDAwMDAwMDAsInVwZGF0ZSI6MTIwMDAwMDAwMDAwMH19",
          "dependencies": [
            "google_project_service.services"
          ]
        }
      ]
    },
    {
      "mode": "managed",
      "type": "google_project_service",
      "name": "services",
      "provider": "provider[\"registry.terraform.io/hashicorp/google-beta\"]",
      "instances": [
        {
          "index_key": "apikeys.googleapis.com",
          "schema_version": 0,
          "attributes": {
            "check_if_service_has_usage_on_destroy": false,
            "disable_dependent_services": null,
            "disable_on_destroy": false,
            "id": "sample-firebase-ai-app-f696f/apikeys.googleapis.com",
            "project": "sample-firebase-ai-app-f696f",
            "service": "apikeys.googleapis.com",
            "timeouts": null
          },
          "sensitive_attributes": [],
          "private": "eyJlMmJmYjczMC1lY2FhLTExZTYtOGY4OC0zNDM2M2JjN2M0YzAiOnsiY3JlYXRlIjoxMjAwMDAwMDAwMDAwLCJkZWxldGUiOjEyMDAwMDAwMDAwMDAsInJlYWQiOjYwMDAwMDAwMDAwMCwidXBkYXRlIjoxMjAwMDAwMDAwMDAwfX0="
        },
        {
          "index_key": "firebaserules.googleapis.com",
          "schema_version": 0,
          "attributes": {
            "check_if_service_has_usage_on_destroy": false,
            "disable_dependent_services": null,
            "disable_on_destroy": false,
            "id": "sample-firebase-ai-app-f696f/firebaserules.googleapis.com",
            "project": "sample-firebase-ai-app-f696f",
            "service": "firebaserules.googleapis.com",
            "timeouts": null
          },
          "sensitive_attributes": [],
          "private": "eyJlMmJmYjczMC1lY2FhLTExZTYtOGY4OC0zNDM2M2JjN2M0YzAiOnsiY3JlYXRlIjoxMjAwMDAwMDAwMDAwLCJkZWxldGUiOjEyMDAwMDAwMDAwMDAsInJlYWQiOjYwMDAwMDAwMDAwMCwidXBkYXRlIjoxMjAwMDAwMDAwMDAwfX0="
        },
        {
          "index_key": "firestore.googleapis.com",
          "schema_version": 0,
          "attributes": {
            "check_if_service_has_usage_on_destroy": false,
            "disable_dependent_services": null,
            "disable_on_destroy": false,
            "id": "sample-firebase-ai-app-f696f/firestore.googleapis.com",
            "project": "sample-firebase-ai-app-f696f",
            "service": "firestore.googleapis.com",
            "timeouts": null
          },
          "sensitive_attributes": [],
          "private": "eyJlMmJmYjczMC1lY2FhLTExZTYtOGY4OC0zNDM2M2JjN2M0YzAiOnsiY3JlYXRlIjoxMjAwMDAwMDAwMDAwLCJkZWxldGUiOjEyMDAwMDAwMDAwMDAsInJlYWQiOjYwMDAwMDAwMDAwMCwidXBkYXRlIjoxMjAwMDAwMDAwMDAwfX0="
        },
        {
          "index_key": "generativelanguage.googleapis.com",
          "schema_version": 0,
          "attributes": {
            "check_if_service_has_usage_on_destroy": false,
            "disable_dependent_services": null,
            "disable_on_destroy": false,
            "id": "sample-firebase-ai-app-f696f/generativelanguage.googleapis.com",
            "project": "sample-firebase-ai-app-f696f",
            "service": "generativelanguage.googleapis.com",
            "timeouts": null
          },
          "sensitive_attributes": [],
          "private": "eyJlMmJmYjczMC1lY2FhLTExZTYtOGY4OC0zNDM2M2JjN2M0YzAiOnsiY3JlYXRlIjoxMjAwMDAwMDAwMDAwLCJkZWxldGUiOjEyMDAwMDAwMDAwMDAsInJlYWQiOjYwMDAwMDAwMDAwMCwidXBkYXRlIjoxMjAwMDAwMDAwMDAwfX0="
        },
        {
          "index_key": "serviceusage.googleapis.com",
          "schema_version": 0,
          "attributes": {
            "check_if_service_has_usage_on_destroy": false,
            "disable_dependent_services": null,
            "disable_on_destroy": false,
            "id": "sample-firebase-ai-app-f696f/serviceusage.googleapis.com",
            "project": "sample-firebase-ai-app-f696f",
            "service": "serviceusage.googleapis.com",
            "timeouts": null
          },
          "sensitive_attributes": [],
          "private": "eyJlMmJmYjczMC1lY2FhLTExZTYtOGY4OC0zNDM2M2JjN2M0YzAiOnsiY3JlYXRlIjoxMjAwMDAwMDAwMDAwLCJkZWxldGUiOjEyMDAwMDAwMDAwMDAsInJlYWQiOjYwMDAwMDAwMDAwMCwidXBkYXRlIjoxMjAwMDAwMDAwMDAwfX0="
        }
      ]
    },
    {
      "mode": "managed",
      "type": "google_service_usage_consumer_quota_override",
      "name": "generativelanguage",
      "provider": "provider[\"registry.terraform.io/hashicorp/google-beta\"]",
      "instances": [
        {
          "schema_version": 0,
          "attributes": {
            "dimensions": null,
            "force": true,
            "id": "projects/sample-firebase-ai-app-f696f/services/generativelanguage.googleapis.com/consumerQuotaMetrics/generativelanguage.googleapis.com%2Fgenerate_requests_per_model/limits/%2Fmin%2Fmodel%2Fproject/consumerOverrides/Cg1RdW90YU92ZXJyaWRl",
            "limit": "%2Fmin%2Fmodel%2Fproject",
            "metric": "generativelanguage.googleapis.com%2Fgenerate_requests_per_model",
            "name": "Cg1RdW90YU92ZXJyaWRl",
            "override_value": "10",
            "project": "sample-firebase-ai-app-f696f",
            "service": "generativelanguage.googleapis.com",
            "timeouts": null
          },
          "sensitive_attributes": [],
          "private": "eyJlMmJmYjczMC1lY2FhLTExZTYtOGY4OC0zNDM2M2JjN2M0YzAiOnsiY3JlYXRlIjoxMjAwMDAwMDAwMDAwLCJkZWxldGUiOjEyMDAwMDAwMDAwMDAsInVwZGF0ZSI6MTIwMDAwMDAwMDAwMH19",
          "dependencies": [
            "google_project_service.services"
          ]
        }
      ]
    },
    {
      "mode": "managed",
      "type": "local_file",
      "name": "environment_ts",
      "provider": "provider[\"registry.terraform.io/hashicorp/local\"]",
      "instances": [
        {
          "schema_version": 0,
          "attributes": {
            "content": "export const environment = {\n  firebase: {\n      apiKey: 'AIzaSyCSwxT7-7SVeVL6arC1y4thSjhrX-tPmYU',\n      authDomain: 'sample-firebase-ai-app-f696f.firebaseapp.com',\n      databaseURL: '',\n      projectId: 'sample-firebase-ai-app-f696f',\n      storageBucket: 'sample-firebase-ai-app-f696f.appspot.com',\n      messagingSenderId: '477558807538',\n      appId: '1:477558807538:web:dee762adc469e657dc296b',\n      measurementId: '',\n  },\n  gemini_api_key: 'AIzaSyBgd2pQn4W2k3UCb32yEJWvhoJj8ofBrdY',\n  debug_token: ''\n};",
            "content_base64": null,
            "content_base64sha256": "gSnJwf9+SK3zdZFPPnLYojs+ckiuA7dyuI9RwAfQwl0=",
            "content_base64sha512": "1DdSHsvdRn564TsQQonR1H9x7gjUAfFnMQj4geJRlWrEFQrdWp80iKFO0R4T7i5iQvVQOZf8lsdSvfBn62No+A==",
            "content_md5": "77cebf0c991f438faeacd54ecccccf22",
            "content_sha1": "6188627b3c59d8294df09afec461fcdb5729dc15",
            "content_sha256": "8129c9c1ff7e48adf375914f3e72d8a23b3e7248ae03b772b88f51c007d0c25d",
            "content_sha512": "d437521ecbdd467e7ae13b104289d1d47f71ee08d401f1673108f881e251956ac4150add5a9f3488a14ed11e13ee2e6242f5503997fc96c752bdf067eb6368f8",
            "directory_permission": "0777",
            "file_permission": "0777",
            "filename": "./src/environments/environments.ts",
            "id": "6188627b3c59d8294df09afec461fcdb5729dc15",
            "sensitive_content": null,
            "source": null
          },
          "sensitive_attributes": [
            [
              {
                "type": "get_attr",
                "value": "content"
              }
            ]
          ],
          "dependencies": [
            "data.google_firebase_web_app_config.example",
            "data.google_project.project",
            "google_apikeys_key.generativelanguage",
            "google_firebase_web_app.example",
            "google_project_service.services"
          ]
        }
      ]
    },
    {
      "mode": "managed",
      "type": "local_file",
      "name": "firebaserc",
      "provider": "provider[\"registry.terraform.io/hashicorp/local\"]",
      "instances": [
        {
          "schema_version": 0,
          "attributes": {
            "content": "{\"projects\":{\"default\":\"sample-firebase-ai-app-f696f\"}}",
            "content_base64": null,
            "content_base64sha256": "3obP6Pm9kF4aBXHIEtYSQeVkg/WLlbJmPiIZekl6YdI=",
            "content_base64sha512": "UGjVIgr7QqTjco/6NwjeWn6kAC0yyD4PkS2BaABI79Ks1rs43SJ787anrTSga2Oq/uRimLU4ISLNiZ1/jnl4eQ==",
            "content_md5": "f23d3bd2c02ea28612bbdbe4435abeda",
            "content_sha1": "386ee23261c5915b275d2cbac3b04f71f33b9065",
            "content_sha256": "de86cfe8f9bd905e1a0571c812d61241e56483f58b95b2663e22197a497a61d2",
            "content_sha512": "5068d5220afb42a4e3728ffa3708de5a7ea4002d32c83e0f912d81680048efd2acd6bb38dd227bf3b6a7ad34a06b63aafee46298b5382122cd899d7f8e797879",
            "directory_permission": "0777",
            "file_permission": "0777",
            "filename": "./.firebaserc",
            "id": "386ee23261c5915b275d2cbac3b04f71f33b9065",
            "sensitive_content": null,
            "source": null
          },
          "sensitive_attributes": []
        }
      ]
    },
    {
      "mode": "managed",
      "type": "local_file",
      "name": "firestore_rules",
      "provider": "provider[\"registry.terraform.io/hashicorp/local\"]",
      "instances": [
        {
          "schema_version": 0,
          "attributes": {
            "content": "service cloud.firestore {\n  match /databases/{database}/documents/{document=**} {\n    allow read, write: if request.auth != null \u0026\u0026 request.time \u003c timestamp.date(2024, 11, 25);\n  }\n}\n",
            "content_base64": null,
            "content_base64sha256": "g3rJq/HW4jmhD120PLr3TO8J8xkqQ6WGz/5KMrDTZb0=",
            "content_base64sha512": "gFZCm5U7vY5FUbAB/WK7Ehp/2eKT2/h1UeGgcEANjCK0c9H9Pd7yti5jV3nwJ1SqM1/InFganpcdTuxUSjXdJw==",
            "content_md5": "a2ed7df827c80cf3ff55d685fa213a54",
            "content_sha1": "db290fb25e78d1949ba416d14b3aff54e6a697dd",
            "content_sha256": "837ac9abf1d6e239a10f5db43cbaf74cef09f3192a43a586cffe4a32b0d365bd",
            "content_sha512": "8056429b953bbd8e4551b001fd62bb121a7fd9e293dbf87551e1a070400d8c22b473d1fd3ddef2b62e635779f02754aa335fc89c581a9e971d4eec544a35dd27",
            "directory_permission": "0777",
            "file_permission": "0777",
            "filename": "./firestore.rules",
            "id": "db290fb25e78d1949ba416d14b3aff54e6a697dd",
            "sensitive_content": null,
            "source": null
          },
          "sensitive_attributes": []
        }
      ]
    }
  ],
  "check_results": null
}
